
Microsoft Visual Studio Solution File, Format Version 12.00
# Visual Studio 15
VisualStudioVersion = 15.0.27428.2037
MinimumVisualStudioVersion = 10.0.40219.1
Project("{FAE04EC0-301F-11D3-BF4B-00C04F79EFBC}") = "CodingSolution", "CodingSolution\CodingSolution.csproj", "{9AFC0D5B-6DB0-4A4D-BCF6-A09EBF9574FA}"
EndProject
Project("{FAE04EC0-301F-11D3-BF4B-00C04F79EFBC}") = "CodingChallengeTest", "CodingChallengeTest\CodingChallengeTest.csproj", "{5716E189-CA8D-4371-B418-2597136A6250}"
EndProject
Project("{FAE04EC0-301F-11D3-BF4B-00C04F79EFBC}") = "codingChallenge", "ClassLibrary1\codingChallenge.csproj", "{A3F37891-DB8F-4978-9484-236BFECDD793}"
EndProject
Global
	GlobalSection(SolutionConfigurationPlatforms) = preSolution
		Debug|Any CPU = Debug|Any CPU
		Release|Any CPU = Release|Any CPU
	EndGlobalSection
	GlobalSection(ProjectConfigurationPlatforms) = postSolution
		{9AFC0D5B-6DB0-4A4D-BCF6-A09EBF9574FA}.Debug|Any CPU.ActiveCfg = Debug|Any CPU
		{9AFC0D5B-6DB0-4A4D-BCF6-A09EBF9574FA}.Debug|Any CPU.Build.0 = Debug|Any CPU
		{9AFC0D5B-6DB0-4A4D-BCF6-A09EBF9574FA}.Release|Any CPU.ActiveCfg = Release|Any CPU
		{9AFC0D5B-6DB0-4A4D-BCF6-A09EBF9574FA}.Release|Any CPU.Build.0 = Release|Any CPU
		{5716E189-CA8D-4371-B418-2597136A6250}.Debug|Any CPU.ActiveCfg = Debug|Any CPU
		{5716E189-CA8D-4371-B418-2597136A6250}.Debug|Any CPU.Build.0 = Debug|Any CPU
		{5716E189-CA8D-4371-B418-2597136A6250}.Release|Any CPU.ActiveCfg = Release|Any CPU
		{5716E189-CA8D-4371-B418-2597136A6250}.Release|Any CPU.Build.0 = Release|Any CPU
		{A3F37891-DB8F-4978-9484-236BFECDD793}.Debug|Any CPU.ActiveCfg = Debug|Any CPU
		{A3F37891-DB8F-4978-9484-236BFECDD793}.Debug|Any CPU.Build.0 = Debug|Any CPU
		{A3F37891-DB8F-4978-9484-236BFECDD793}.Release|Any CPU.ActiveCfg = Release|Any CPU
		{A3F37891-DB8F-4978-9484-236BFECDD793}.Release|Any CPU.Build.0 = Release|Any CPU
	EndGlobalSection
	GlobalSection(SolutionProperties) = preSolution
		HideSolutionNode = FALSE
	EndGlobalSection
	GlobalSection(ExtensibilityGlobals) = postSolution
		SolutionGuid = {A6568D14-2105-4B62-A84E-33B01B3C4337}
	EndGlobalSection
EndGlobal
